// !$*UTF8*$!
{
	archiveVersion = 1;
	classes = {
	};
	objectVersion = 46;
	objects = {

/* Begin PBXBuildFile section */
		982877DB19C8C8E4004192AB /* AppDelegate.swift in Sources */ = {isa = PBXBuildFile; fileRef = 982877DA19C8C8E4004192AB /* AppDelegate.swift */; };
		982877DD19C8C8E4004192AB /* ViewController.swift in Sources */ = {isa = PBXBuildFile; fileRef = 982877DC19C8C8E4004192AB /* ViewController.swift */; };
		982877E019C8C8E4004192AB /* Main.storyboard in Resources */ = {isa = PBXBuildFile; fileRef = 982877DE19C8C8E4004192AB /* Main.storyboard */; };
		982877E219C8C8E4004192AB /* Images.xcassets in Resources */ = {isa = PBXBuildFile; fileRef = 982877E119C8C8E4004192AB /* Images.xcassets */; };
		982877EE19C8C8E5004192AB /* CalculatorTests.swift in Sources */ = {isa = PBXBuildFile; fileRef = 982877ED19C8C8E5004192AB /* CalculatorTests.swift */; };
/* End PBXBuildFile section */

/* Begin PBXContainerItemProxy section */
		982877E819C8C8E5004192AB /* PBXContainerItemProxy */ = {
			isa = PBXContainerItemProxy;
			containerPortal = 982877CD19C8C8E4004192AB /* Project object */;
			proxyType = 1;
			remoteGlobalIDString = 982877D419C8C8E4004192AB;
			remoteInfo = Calculator;
		};
/* End PBXContainerItemProxy section */

/* Begin PBXFileReference section */
		982877D519C8C8E4004192AB /* Calculator.app */ = {isa = PBXFileReference; explicitFileType = wrapper.application; includeInIndex = 0; path = Calculator.app; sourceTree = BUILT_PRODUCTS_DIR; };
		982877D919C8C8E4004192AB /* Info.plist */ = {isa = PBXFileReference; lastKnownFileType = text.plist.xml; path = Info.plist; sourceTree = "<group>"; };
		982877DA19C8C8E4004192AB /* AppDelegate.swift */ = {isa = PBXFileReference; lastKnownFileType = sourcecode.swift; path = AppDelegate.swift; sourceTree = "<group>"; };
		982877DC19C8C8E4004192AB /* ViewController.swift */ = {isa = PBXFileReference; lastKnownFileType = sourcecode.swift; path = ViewController.swift; sourceTree = "<group>"; };
		982877DF19C8C8E4004192AB /* Base */ = {isa = PBXFileReference; lastKnownFileType = file.storyboard; name = Base; path = Base.lproj/Main.storyboard; sourceTree = "<group>"; };
		982877E119C8C8E4004192AB /* Images.xcassets */ = {isa = PBXFileReference; lastKnownFileType = folder.assetcatalog; path = Images.xcassets; sourceTree = "<group>"; };
		982877E719C8C8E5004192AB /* CalculatorTests.xctest */ = {isa = PBXFileReference; explicitFileType = wrapper.cfbundle; includeInIndex = 0; path = CalculatorTests.xctest; sourceTree = BUILT_PRODUCTS_DIR; };
		982877EC19C8C8E5004192AB /* Info.plist */ = {isa = PBXFileReference; lastKnownFileType = text.plist.xml; path = Info.plist; sourceTree = "<group>"; };
		982877ED19C8C8E5004192AB /* CalculatorTests.swift */ = {isa = PBXFileReference; lastKnownFileType = sourcecode.swift; path = CalculatorTests.swift; sourceTree = "<group>"; };
/* End PBXFileReference section */

/* Begin PBXFrameworksBuildPhase section */
		982877D219C8C8E4004192AB /* Frameworks */ = {
			isa = PBXFrameworksBuildPhase;
			buildActionMask = 2147483647;
			files = (
			);
			runOnlyForDeploymentPostprocessing = 0;
		};
		982877E419C8C8E5004192AB /* Frameworks */ = {
			isa = PBXFrameworksBuildPhase;
			buildActionMask = 2147483647;
			files = (
			);
			runOnlyForDeploymentPostprocessing = 0;
		};
/* End PBXFrameworksBuildPhase section */

/* Begin PBXGroup section */
		982877CC19C8C8E4004192AB = {
			isa = PBXGroup;
			children = (
				982877D719C8C8E4004192AB /* Calculator */,
				982877EA19C8C8E5004192AB /* CalculatorTests */,
				982877D619C8C8E4004192AB /* Products */,
			);
			sourceTree = "<group>";
		};
		982877D619C8C8E4004192AB /* Products */ = {
			isa = PBXGroup;
			children = (
				982877D519C8C8E4004192AB /* Calculator.app */,
				982877E719C8C8E5004192AB /* CalculatorTests.xctest */,
			);
			name = Products;
			sourceTree = "<group>";
		};
		982877D719C8C8E4004192AB /* Calculator */ = {
			isa = PBXGroup;
			children = (
				982877DA19C8C8E4004192AB /* AppDelegate.swift */,
				982877DC19C8C8E4004192AB /* ViewController.swift */,
				982877DE19C8C8E4004192AB /* Main.storyboard */,
				982877E119C8C8E4004192AB /* Images.xcassets */,
				982877D819C8C8E4004192AB /* Supporting Files */,
			);
			path = Calculator;
			sourceTree = "<group>";
		};
		982877D819C8C8E4004192AB /* Supporting Files */ = {
			isa = PBXGroup;
			children = (
				982877D919C8C8E4004192AB /* Info.plist */,
			);
			name = "Supporting Files";
			sourceTree = "<group>";
		};
		982877EA19C8C8E5004192AB /* CalculatorTests */ = {
			isa = PBXGroup;
			children = (
				982877ED19C8C8E5004192AB /* CalculatorTests.swift */,
				982877EB19C8C8E5004192AB /* Supporting Files */,
			);
			path = CalculatorTests;
			sourceTree = "<group>";
		};
		982877EB19C8C8E5004192AB /* Supporting Files */ = {
			isa = PBXGroup;
			children = (
				982877EC19C8C8E5004192AB /* Info.plist */,
			);
			name = "Supporting Files";
			sourceTree = "<group>";
		};
/* End PBXGroup section */

/* Begin PBXNativeTarget section */
		982877D419C8C8E4004192AB /* Calculator */ = {
			isa = PBXNativeTarget;
			buildConfigurationList = 982877F119C8C8E5004192AB /* Build configuration list for PBXNativeTarget "Calculator" */;
			buildPhases = (
				982877D119C8C8E4004192AB /* Sources */,
				982877D219C8C8E4004192AB /* Frameworks */,
				982877D319C8C8E4004192AB /* Resources */,
			);
			buildRules = (
			);
			dependencies = (
			);
			name = Calculator;
			productName = Calculator;
			productReference = 982877D519C8C8E4004192AB /* Calculator.app */;
			productType = "com.apple.product-type.application";
		};
		982877E619C8C8E5004192AB /* CalculatorTests */ = {
			isa = PBXNativeTarget;
			buildConfigurationList = 982877F419C8C8E5004192AB /* Build configuration list for PBXNativeTarget "CalculatorTests" */;
			buildPhases = (
				982877E319C8C8E5004192AB /* Sources */,
				982877E419C8C8E5004192AB /* Frameworks */,
				982877E519C8C8E5004192AB /* Resources */,
			);
			buildRules = (
			);
			dependencies = (
				982877E919C8C8E5004192AB /* PBXTargetDependency */,
			);
			name = CalculatorTests;
			productName = CalculatorTests;
			productReference = 982877E719C8C8E5004192AB /* CalculatorTests.xctest */;
			productType = "com.apple.product-type.bundle.unit-test";
		};
/* End PBXNativeTarget section */

/* Begin PBXProject section */
		982877CD19C8C8E4004192AB /* Project object */ = {
			isa = PBXProject;
			attributes = {
				LastUpgradeCheck = 0600;
				ORGANIZATIONNAME = SupratimBaruah;
				TargetAttributes = {
					982877D419C8C8E4004192AB = {
						CreatedOnToolsVersion = 6.0;
					};
					982877E619C8C8E5004192AB = {
						CreatedOnToolsVersion = 6.0;
						TestTargetID = 982877D419C8C8E4004192AB;
					};
				};
			};
			buildConfigurationList = 982877D019C8C8E4004192AB /* Build configuration list for PBXProject "Calculator" */;
			compatibilityVersion = "Xcode 3.2";
			developmentRegion = English;
			hasScannedForEncodings = 0;
			knownRegions = (
				en,
				Base,
			);
			mainGroup = 982877CC19C8C8E4004192AB;
			productRefGroup = 982877D619C8C8E4004192AB /* Products */;
			projectDirPath = "";
			projectRoot = "";
			targets = (
				982877D419C8C8E4004192AB /* Calculator */,
				982877E619C8C8E5004192AB /* CalculatorTests */,
			);
		};
/* End PBXProject section */

/* Begin PBXResourcesBuildPhase section */
		982877D319C8C8E4004192AB /* Resources */ = {
			isa = PBXResourcesBuildPhase;
			buildActionMask = 2147483647;
			files = (
				982877E019C8C8E4004192AB /* Main.storyboard in Resources */,
				982877E219C8C8E4004192AB /* Images.xcassets in Resources */,
			);
			runOnlyForDeploymentPostprocessing = 0;
		};
		982877E519C8C8E5004192AB /* Resources */ = {
			isa = PBXResourcesBuildPhase;
			buildActionMask = 2147483647;
			files = (
			);
			runOnlyForDeploymentPostprocessing = 0;
		};
/* End PBXResourcesBuildPhase section */

/* Begin PBXSourcesBuildPhase section */
		982877D119C8C8E4004192AB /* Sources */ = {
			isa = PBXSourcesBuildPhase;
			buildActionMask = 2147483647;
			files = (
				982877DD19C8C8E4004192AB /* ViewController.swift in Sources */,
				982877DB19C8C8E4004192AB /* AppDelegate.swift in Sources */,
			);
			runOnlyForDeploymentPostprocessing = 0;
		};
		982877E319C8C8E5004192AB /* Sources */ = {
			isa = PBXSourcesBuildPhase;
			buildActionMask = 2147483647;
			files = (
				982877EE19C8C8E5004192AB /* CalculatorTests.swift in Sources */,
			);
			runOnlyForDeploymentPostprocessing = 0;
		};
/* End PBXSourcesBuildPhase section */

/* Begin PBXTargetDependency section */
		982877E919C8C8E5004192AB /* PBXTargetDependency */ = {
			isa = PBXTargetDependency;
			target = 982877D419C8C8E4004192AB /* Calculator */;
			targetProxy = 982877E819C8C8E5004192AB /* PBXContainerItemProxy */;
		};
/* End PBXTargetDependency section */

/* Begin PBXVariantGroup section */
		982877DE19C8C8E4004192AB /* Main.storyboard */ = {
			isa = PBXVariantGroup;
			children = (
				982877DF19C8C8E4004192AB /* Base */,
			);
			name = Main.storyboard;
			sourceTree = "<group>";
		};
/* End PBXVariantGroup section */

/* Begin XCBuildConfiguration section */
		982877EF19C8C8E5004192AB /* Debug */ = {
			isa = XCBuildConfiguration;
			buildSettings = {
				ALWAYS_SEARCH_USER_PATHS = NO;
				CLANG_CXX_LANGUAGE_STANDARD = "gnu++0x";
				CLANG_CXX_LIBRARY = "libc++";
				CLANG_ENABLE_MODULES = YES;
				CLANG_ENABLE_OBJC_ARC = YES;
				CLANG_WARN_BOOL_CONVERSION = YES;
				CLANG_WARN_CONSTANT_CONVERSION = YES;
				CLANG_WARN_DIRECT_OBJC_ISA_USAGE = YES_ERROR;
				CLANG_WARN_EMPTY_BODY = YES;
				CLANG_WARN_ENUM_CONVERSION = YES;
				CLANG_WARN_INT_CONVERSION = YES;
				CLANG_WARN_OBJC_ROOT_CLASS = YES_ERROR;
				CLANG_WARN_UNREACHABLE_CODE = YES;
				CLANG_WARN__DUPLICATE_METHOD_MATCH = YES;
				"CODE_SIGN_IDENTITY[sdk=iphoneos*]" = "iPhone Developer";
				COPY_PHASE_STRIP = NO;
				ENABLE_STRICT_OBJC_MSGSEND = YES;
				GCC_C_LANGUAGE_STANDARD = gnu99;
				GCC_DYNAMIC_NO_PIC = NO;
				GCC_OPTIMIZATION_LEVEL = 0;
				GCC_PREPROCESSOR_DEFINITIONS = (
					"DEBUG=1",
					"$(inherited)",
				);
				GCC_SYMBOLS_PRIVATE_EXTERN = NO;
				GCC_WARN_64_TO_32_BIT_CONVERSION = YES;
				GCC_WARN_ABOUT_RETURN_TYPE = YES_ERROR;
				GCC_WARN_UNDECLARED_SELECTOR = YES;
				GCC_WARN_UNINITIALIZED_AUTOS = YES_AGGRESSIVE;
				GCC_WARN_UNUSED_FUNCTION = YES;
				GCC_WARN_UNUSED_VARIABLE = YES;
				IPHONEOS_DEPLOYMENT_TARGET = 8.0;
				MTL_ENABLE_DEBUG_INFO = YES;
				ONLY_ACTIVE_ARCH = YES;
				SDKROOT = iphoneos;
				SWIFT_OPTIMIZATION_LEVEL = "-Onone";
				TARGETED_DEVICE_FAMILY = "1,2";
			};
			name = Debug;
		};
		982877F019C8C8E5004192AB /* Release */ = {
			isa = XCBuildConfiguration;
			buildSettings = {
				ALWAYS_SEARCH_USER_PATHS = NO;
				CLANG_CXX_LANGUAGE_STANDARD = "gnu++0x";
				CLANG_CXX_LIBRARY = "libc++";
				CLANG_ENABLE_MODULES = YES;
				CLANG_ENABLE_OBJC_ARC = YES;
				CLANG_WARN_BOOL_CONVERSION = YES;
				CLANG_WARN_CONSTANT_CONVERSION = YES;
				CLANG_WARN_DIRECT_OBJC_ISA_USAGE = YES_ERROR;
				CLANG_WARN_EMPTY_BODY = YES;
				CLANG_WARN_ENUM_CONVERSION = YES;
				CLANG_WARN_INT_CONVERSION = YES;
				CLANG_WARN_OBJC_ROOT_CLASS = YES_ERROR;
				CLANG_WARN_UNREACHABLE_CODE = YES;
				CLANG_WARN__DUPLICATE_METHOD_MATCH = YES;
				"CODE_SIGN_IDENTITY[sdk=iphoneos*]" = "iPhone Developer";
				COPY_PHASE_STRIP = YES;
				ENABLE_NS_ASSERTIONS = NO;
				ENABLE_STRICT_OBJC_MSGSEND = YES;
				GCC_C_LANGUAGE_STANDARD = gnu99;
				GCC_WARN_64_TO_32_BIT_CONVERSION = YES;
				GCC_WARN_ABOUT_RETURN_TYPE = YES_ERROR;
				GCC_WARN_UNDECLARED_SELECTOR = YES;
				GCC_WARN_UNINITIALIZED_AUTOS = YES_AGGRESSIVE;
				GCC_WARN_UNUSED_FUNCTION = YES;
				GCC_WARN_UNUSED_VARIABLE = YES;
				IPHONEOS_DEPLOYMENT_TARGET = 8.0;
				MTL_ENABLE_DEBUG_INFO = NO;
				SDKROOT = iphoneos;
				TARGETED_DEVICE_FAMILY = "1,2";
				VALIDATE_PRODUCT = YES;
			};
			name = Release;
		};
		982877F219C8C8E5004192AB /* Debug */ = {
			isa = XCBuildConfiguration;
			buildSettings = {
				ASSETCATALOG_COMPILER_APPICON_NAME = AppIcon;
				ASSETCATALOG_COMPILER_LAUNCHIMAGE_NAME = LaunchImage;
				INFOPLIST_FILE = Calculator/Info.plist;
				LD_RUNPATH_SEARCH_PATHS = "$(inherited) @executable_path/Frameworks";
				PRODUCT_NAME = "$(TARGET_NAME)";
			};
			name = Debug;
		};
		982877F319C8C8E5004192AB /* Release */ = {
			isa = XCBuildConfiguration;
			buildSettings = {
				ASSETCATALOG_COMPILER_APPICON_NAME = AppIcon;
				ASSETCATALOG_COMPILER_LAUNCHIMAGE_NAME = LaunchImage;
				INFOPLIST_FILE = Calculator/Info.plist;
				LD_RUNPATH_SEARCH_PATHS = "$(inherited) @executable_path/Frameworks";
				PRODUCT_NAME = "$(TARGET_NAME)";
			};
			name = Release;
		};
		982877F519C8C8E5004192AB /* Debug */ = {
			isa = XCBuildConfiguration;
			buildSettings = {
				BUNDLE_LOADER = "$(TEST_HOST)";
				FRAMEWORK_SEARCH_PATHS = (
					"$(SDKROOT)/Developer/Library/Frameworks",
					"$(inherited)",
				);
				GCC_PREPROCESSOR_DEFINITIONS = (
					"DEBUG=1",
					"$(inherited)",
				);
				INFOPLIST_FILE = CalculatorTests/Info.plist;
				LD_RUNPATH_SEARCH_PATHS = "$(inherited) @executable_path/Frameworks @loader_path/Frameworks";
				PRODUCT_NAME = "$(TARGET_NAME)";
				TEST_HOST = "$(BUILT_PRODUCTS_DIR)/Calculator.app/Calculator";
			};
			name = Debug;
		};
		982877F619C8C8E5004192AB /* Release */ = {
			isa = XCBuildConfiguration;
			buildSettings = {
				BUNDLE_LOADER = "$(TEST_HOST)";
				FRAMEWORK_SEARCH_PATHS = (
					"$(SDKROOT)/Developer/Library/Frameworks",
					"$(inherited)",
				);
				INFOPLIST_FILE = CalculatorTests/Info.plist;
				LD_RUNPATH_SEARCH_PATHS = "$(inherited) @executable_path/Frameworks @loader_path/Frameworks";
				PRODUCT_NAME = "$(TARGET_NAME)";
				TEST_HOST = "$(BUILT_PRODUCTS_DIR)/Calculator.app/Calculator";
			};
			name = Release;
		};
/* End XCBuildConfiguration section */

/* Begin XCConfigurationList section */
		982877D019C8C8E4004192AB /* Build configuration list for PBXProject "Calculator" */ = {
			isa = XCConfigurationList;
			buildConfigurations = (
				982877EF19C8C8E5004192AB /* Debug */,
				982877F019C8C8E5004192AB /* Release */,
			);
			defaultConfigurationIsVisible = 0;
			defaultConfigurationName = Release;
		};
		982877F119C8C8E5004192AB /* Build configuration list for PBXNativeTarget "Calculator" */ = {
			isa = XCConfigurationList;
			buildConfigurations = (
				982877F219C8C8E5004192AB /* Debug */,
				982877F319C8C8E5004192AB /* Release */,
			);
			defaultConfigurationIsVisible = 0;
		};
		982877F419C8C8E5004192AB /* Build configuration list for PBXNativeTarget "CalculatorTests" */ = {
			isa = XCConfigurationList;
			buildConfigurations = (
				982877F519C8C8E5004192AB /* Debug */,
				982877F619C8C8E5004192AB /* Release */,
			);
			defaultConfigurationIsVisible = 0;
		};
/* End XCConfigurationList section */
	};
	rootObject = 982877CD19C8C8E4004192AB /* Project object */;
}
